
Microsoft Visual Studio Solution File, Format Version 12.00
# Visual Studio 15
VisualStudioVersion = 15.0.28307.1000
MinimumVisualStudioVersion = 10.0.40219.1
Project("{FAE04EC0-301F-11D3-BF4B-00C04F79EFBC}") = "GACC_Vista", "GACC_Vista\GACC_Vista.csproj", "{AAFACF25-2214-4E6D-9888-6D98198DF0DD}"
EndProject
Project("{FAE04EC0-301F-11D3-BF4B-00C04F79EFBC}") = "GACC_Controlador", "GACC_Controlador\GACC_Controlador.csproj", "{528B6359-56F4-4756-B8B8-650DC6B0FCB3}"
EndProject
Project("{FAE04EC0-301F-11D3-BF4B-00C04F79EFBC}") = "GACC_Modelo", "GACC_Modelo\GACC_Modelo.csproj", "{696BB564-2AB6-4916-AB20-E46DC758A4F3}"
EndProject
Global
	GlobalSection(SolutionConfigurationPlatforms) = preSolution
		Debug|Any CPU = Debug|Any CPU
		Release|Any CPU = Release|Any CPU
	EndGlobalSection
	GlobalSection(ProjectConfigurationPlatforms) = postSolution
		{AAFACF25-2214-4E6D-9888-6D98198DF0DD}.Debug|Any CPU.ActiveCfg = Debug|Any CPU
		{AAFACF25-2214-4E6D-9888-6D98198DF0DD}.Debug|Any CPU.Build.0 = Debug|Any CPU
		{AAFACF25-2214-4E6D-9888-6D98198DF0DD}.Release|Any CPU.ActiveCfg = Release|Any CPU
		{AAFACF25-2214-4E6D-9888-6D98198DF0DD}.Release|Any CPU.Build.0 = Release|Any CPU
		{528B6359-56F4-4756-B8B8-650DC6B0FCB3}.Debug|Any CPU.ActiveCfg = Debug|Any CPU
		{528B6359-56F4-4756-B8B8-650DC6B0FCB3}.Debug|Any CPU.Build.0 = Debug|Any CPU
		{528B6359-56F4-4756-B8B8-650DC6B0FCB3}.Release|Any CPU.ActiveCfg = Release|Any CPU
		{528B6359-56F4-4756-B8B8-650DC6B0FCB3}.Release|Any CPU.Build.0 = Release|Any CPU
		{696BB564-2AB6-4916-AB20-E46DC758A4F3}.Debug|Any CPU.ActiveCfg = Debug|Any CPU
		{696BB564-2AB6-4916-AB20-E46DC758A4F3}.Debug|Any CPU.Build.0 = Debug|Any CPU
		{696BB564-2AB6-4916-AB20-E46DC758A4F3}.Release|Any CPU.ActiveCfg = Release|Any CPU
		{696BB564-2AB6-4916-AB20-E46DC758A4F3}.Release|Any CPU.Build.0 = Release|Any CPU
	EndGlobalSection
	GlobalSection(SolutionProperties) = preSolution
		HideSolutionNode = FALSE
	EndGlobalSection
	GlobalSection(ExtensibilityGlobals) = postSolution
		SolutionGuid = {C8013C19-E8F4-4F56-93D0-FFA13D7B069E}
	EndGlobalSection
EndGlobal
